
Microsoft Visual Studio Solution File, Format Version 12.00
# Visual Studio 15
VisualStudioVersion = 15.0.27703.2026
MinimumVisualStudioVersion = 10.0.40219.1
Project("{FAE04EC0-301F-11D3-BF4B-00C04F79EFBC}") = "Shooting Contest", "Shooting Contest\Shooting Contest.csproj", "{53ED696F-294F-4A55-8035-69600E085DF0}"
EndProject
Project("{FAE04EC0-301F-11D3-BF4B-00C04F79EFBC}") = "Alien code", "Alien code\Alien code.csproj", "{6AE0F574-E4E0-49AA-A809-3CE96BF10756}"
EndProject
Project("{FAE04EC0-301F-11D3-BF4B-00C04F79EFBC}") = "Array Search", "Array Search\Array Search.csproj", "{6BCF69C6-C771-4324-AAC5-7DEAEB6687D3}"
EndProject
Global
	GlobalSection(SolutionConfigurationPlatforms) = preSolution
		Debug|Any CPU = Debug|Any CPU
		Release|Any CPU = Release|Any CPU
	EndGlobalSection
	GlobalSection(ProjectConfigurationPlatforms) = postSolution
		{53ED696F-294F-4A55-8035-69600E085DF0}.Debug|Any CPU.ActiveCfg = Debug|Any CPU
		{53ED696F-294F-4A55-8035-69600E085DF0}.Debug|Any CPU.Build.0 = Debug|Any CPU
		{53ED696F-294F-4A55-8035-69600E085DF0}.Release|Any CPU.ActiveCfg = Release|Any CPU
		{53ED696F-294F-4A55-8035-69600E085DF0}.Release|Any CPU.Build.0 = Release|Any CPU
		{6AE0F574-E4E0-49AA-A809-3CE96BF10756}.Debug|Any CPU.ActiveCfg = Debug|Any CPU
		{6AE0F574-E4E0-49AA-A809-3CE96BF10756}.Debug|Any CPU.Build.0 = Debug|Any CPU
		{6AE0F574-E4E0-49AA-A809-3CE96BF10756}.Release|Any CPU.ActiveCfg = Release|Any CPU
		{6AE0F574-E4E0-49AA-A809-3CE96BF10756}.Release|Any CPU.Build.0 = Release|Any CPU
		{6BCF69C6-C771-4324-AAC5-7DEAEB6687D3}.Debug|Any CPU.ActiveCfg = Debug|Any CPU
		{6BCF69C6-C771-4324-AAC5-7DEAEB6687D3}.Debug|Any CPU.Build.0 = Debug|Any CPU
		{6BCF69C6-C771-4324-AAC5-7DEAEB6687D3}.Release|Any CPU.ActiveCfg = Release|Any CPU
		{6BCF69C6-C771-4324-AAC5-7DEAEB6687D3}.Release|Any CPU.Build.0 = Release|Any CPU
	EndGlobalSection
	GlobalSection(SolutionProperties) = preSolution
		HideSolutionNode = FALSE
	EndGlobalSection
	GlobalSection(ExtensibilityGlobals) = postSolution
		SolutionGuid = {C3BD1EF0-DAAD-4D7F-9EDF-79DE61AA017C}
	EndGlobalSection
EndGlobal
